
Microsoft Visual Studio Solution File, Format Version 12.00
# Visual Studio Version 17
VisualStudioVersion = 17.5.002.0
MinimumVisualStudioVersion = 10.0.40219.1
Project("{9A19103F-16F7-4668-BE54-9A1E7A4F7556}") = "MvcMovie", "MvcMovie.csproj", "{B2C8ABF2-09E0-4AF5-AA56-37B08E3ACCA6}"
EndProject
Global
	GlobalSection(SolutionConfigurationPlatforms) = preSolution
		Debug|Any CPU = Debug|Any CPU
		Release|Any CPU = Release|Any CPU
	EndGlobalSection
	GlobalSection(ProjectConfigurationPlatforms) = postSolution
		{B2C8ABF2-09E0-4AF5-AA56-37B08E3ACCA6}.Debug|Any CPU.ActiveCfg = Debug|Any CPU
		{B2C8ABF2-09E0-4AF5-AA56-37B08E3ACCA6}.Debug|Any CPU.Build.0 = Debug|Any CPU
		{B2C8ABF2-09E0-4AF5-AA56-37B08E3ACCA6}.Release|Any CPU.ActiveCfg = Release|Any CPU
		{B2C8ABF2-09E0-4AF5-AA56-37B08E3ACCA6}.Release|Any CPU.Build.0 = Release|Any CPU
	EndGlobalSection
	GlobalSection(SolutionProperties) = preSolution
		HideSolutionNode = FALSE
	EndGlobalSection
	GlobalSection(ExtensibilityGlobals) = postSolution
		SolutionGuid = {1CFA936D-43D5-49AB-B188-C1497DB4E520}
	EndGlobalSection
EndGlobal
